
Microsoft Visual Studio Solution File, Format Version 12.00
# Visual Studio Version 17
VisualStudioVersion = 17.14.36408.4
MinimumVisualStudioVersion = 10.0.40219.1
Project("{FAE04EC0-301F-11D3-BF4B-00C04F79EFBC}") = "Gänse Spiel", "Gänse Spiel\Gänse Spiel.csproj", "{23790D76-8B99-4A1C-9F97-925B6DD090B7}"
EndProject
Project("{FAE04EC0-301F-11D3-BF4B-00C04F79EFBC}") = "Testing", "Testing\Testing.csproj", "{D65C52EF-60F7-49B8-B218-99EC941D7FFA}"
EndProject
Global
	GlobalSection(SolutionConfigurationPlatforms) = preSolution
		Debug|Any CPU = Debug|Any CPU
		Release|Any CPU = Release|Any CPU
	EndGlobalSection
	GlobalSection(ProjectConfigurationPlatforms) = postSolution
		{23790D76-8B99-4A1C-9F97-925B6DD090B7}.Debug|Any CPU.ActiveCfg = Debug|Any CPU
		{23790D76-8B99-4A1C-9F97-925B6DD090B7}.Debug|Any CPU.Build.0 = Debug|Any CPU
		{23790D76-8B99-4A1C-9F97-925B6DD090B7}.Release|Any CPU.ActiveCfg = Release|Any CPU
		{23790D76-8B99-4A1C-9F97-925B6DD090B7}.Release|Any CPU.Build.0 = Release|Any CPU
		{D65C52EF-60F7-49B8-B218-99EC941D7FFA}.Debug|Any CPU.ActiveCfg = Debug|Any CPU
		{D65C52EF-60F7-49B8-B218-99EC941D7FFA}.Debug|Any CPU.Build.0 = Debug|Any CPU
		{D65C52EF-60F7-49B8-B218-99EC941D7FFA}.Release|Any CPU.ActiveCfg = Release|Any CPU
		{D65C52EF-60F7-49B8-B218-99EC941D7FFA}.Release|Any CPU.Build.0 = Release|Any CPU
	EndGlobalSection
	GlobalSection(SolutionProperties) = preSolution
		HideSolutionNode = FALSE
	EndGlobalSection
	GlobalSection(ExtensibilityGlobals) = postSolution
		SolutionGuid = {817CD965-D308-45DA-A0A4-5AD184FD3227}
	EndGlobalSection
EndGlobal
